
Microsoft Visual Studio Solution File, Format Version 12.00
# Visual Studio 15
VisualStudioVersion = 15.0.27130.2027
MinimumVisualStudioVersion = 10.0.40219.1
Project("{FAE04EC0-301F-11D3-BF4B-00C04F79EFBC}") = "5.2-VenegasMedinaJoseAlfredo", "5.2-VenegasMedinaJoseAlfredo\5.2-VenegasMedinaJoseAlfredo.csproj", "{74243FED-6FB2-42A5-88EC-30EFE227036D}"
EndProject
Global
	GlobalSection(SolutionConfigurationPlatforms) = preSolution
		Debug|Any CPU = Debug|Any CPU
		Release|Any CPU = Release|Any CPU
	EndGlobalSection
	GlobalSection(ProjectConfigurationPlatforms) = postSolution
		{74243FED-6FB2-42A5-88EC-30EFE227036D}.Debug|Any CPU.ActiveCfg = Debug|Any CPU
		{74243FED-6FB2-42A5-88EC-30EFE227036D}.Debug|Any CPU.Build.0 = Debug|Any CPU
		{74243FED-6FB2-42A5-88EC-30EFE227036D}.Release|Any CPU.ActiveCfg = Release|Any CPU
		{74243FED-6FB2-42A5-88EC-30EFE227036D}.Release|Any CPU.Build.0 = Release|Any CPU
	EndGlobalSection
	GlobalSection(SolutionProperties) = preSolution
		HideSolutionNode = FALSE
	EndGlobalSection
	GlobalSection(ExtensibilityGlobals) = postSolution
		SolutionGuid = {93CF792D-EE0A-4A0D-950A-7864F33C1E9E}
	EndGlobalSection
EndGlobal
